// !$*UTF8*$!
{
	archiveVersion = 1;
	classes = {
	};
	objectVersion = 50;
	objects = {

/* Begin PBXBuildFile section */
		1A703C33243AF0A30023E331 /* AppDelegate.swift in Sources */ = {isa = PBXBuildFile; fileRef = 1A703C32243AF0A30023E331 /* AppDelegate.swift */; };
		1A703C35243AF0A30023E331 /* SceneDelegate.swift in Sources */ = {isa = PBXBuildFile; fileRef = 1A703C34243AF0A30023E331 /* SceneDelegate.swift */; };
		1A703C3A243AF0A30023E331 /* Main.storyboard in Resources */ = {isa = PBXBuildFile; fileRef = 1A703C38243AF0A30023E331 /* Main.storyboard */; };
		1A703C3C243AF0A40023E331 /* Assets.xcassets in Resources */ = {isa = PBXBuildFile; fileRef = 1A703C3B243AF0A40023E331 /* Assets.xcassets */; };
		1A703C3F243AF0A40023E331 /* LaunchScreen.storyboard in Resources */ = {isa = PBXBuildFile; fileRef = 1A703C3D243AF0A40023E331 /* LaunchScreen.storyboard */; };
		1A703C4B243AF1250023E331 /* VerifyViewController.swift in Sources */ = {isa = PBXBuildFile; fileRef = 1A703C47243AF1250023E331 /* VerifyViewController.swift */; };
		1A703C4C243AF1250023E331 /* LogInViewController.swift in Sources */ = {isa = PBXBuildFile; fileRef = 1A703C48243AF1250023E331 /* LogInViewController.swift */; };
		1A703C4D243AF1250023E331 /* SignUpViewController.swift in Sources */ = {isa = PBXBuildFile; fileRef = 1A703C49243AF1250023E331 /* SignUpViewController.swift */; };
		1A703C4E243AF1250023E331 /* WelcomeViewController.swift in Sources */ = {isa = PBXBuildFile; fileRef = 1A703C4A243AF1250023E331 /* WelcomeViewController.swift */; };
		4C44DA14804151195839CD9D /* Pods_NoteManager.framework in Frameworks */ = {isa = PBXBuildFile; fileRef = EB4E55660A8BA8C8FE48DC49 /* Pods_NoteManager.framework */; };
/* End PBXBuildFile section */

/* Begin PBXFileReference section */
		1A703C2F243AF0A30023E331 /* NoteManager.app */ = {isa = PBXFileReference; explicitFileType = wrapper.application; includeInIndex = 0; path = NoteManager.app; sourceTree = BUILT_PRODUCTS_DIR; };
		1A703C32243AF0A30023E331 /* AppDelegate.swift */ = {isa = PBXFileReference; lastKnownFileType = sourcecode.swift; path = AppDelegate.swift; sourceTree = "<group>"; };
		1A703C34243AF0A30023E331 /* SceneDelegate.swift */ = {isa = PBXFileReference; lastKnownFileType = sourcecode.swift; path = SceneDelegate.swift; sourceTree = "<group>"; };
		1A703C39243AF0A30023E331 /* Base */ = {isa = PBXFileReference; lastKnownFileType = file.storyboard; name = Base; path = Base.lproj/Main.storyboard; sourceTree = "<group>"; };
		1A703C3B243AF0A40023E331 /* Assets.xcassets */ = {isa = PBXFileReference; lastKnownFileType = folder.assetcatalog; path = Assets.xcassets; sourceTree = "<group>"; };
		1A703C3E243AF0A40023E331 /* Base */ = {isa = PBXFileReference; lastKnownFileType = file.storyboard; name = Base; path = Base.lproj/LaunchScreen.storyboard; sourceTree = "<group>"; };
		1A703C40243AF0A40023E331 /* Info.plist */ = {isa = PBXFileReference; lastKnownFileType = text.plist.xml; path = Info.plist; sourceTree = "<group>"; };
		1A703C47243AF1250023E331 /* VerifyViewController.swift */ = {isa = PBXFileReference; fileEncoding = 4; lastKnownFileType = sourcecode.swift; path = VerifyViewController.swift; sourceTree = "<group>"; };
		1A703C48243AF1250023E331 /* LogInViewController.swift */ = {isa = PBXFileReference; fileEncoding = 4; lastKnownFileType = sourcecode.swift; path = LogInViewController.swift; sourceTree = "<group>"; };
		1A703C49243AF1250023E331 /* SignUpViewController.swift */ = {isa = PBXFileReference; fileEncoding = 4; lastKnownFileType = sourcecode.swift; path = SignUpViewController.swift; sourceTree = "<group>"; };
		1A703C4A243AF1250023E331 /* WelcomeViewController.swift */ = {isa = PBXFileReference; fileEncoding = 4; lastKnownFileType = sourcecode.swift; path = WelcomeViewController.swift; sourceTree = "<group>"; };
		A14E6F4BAE3685B02635E614 /* Pods-NoteManager.release.xcconfig */ = {isa = PBXFileReference; includeInIndex = 1; lastKnownFileType = text.xcconfig; name = "Pods-NoteManager.release.xcconfig"; path = "Target Support Files/Pods-NoteManager/Pods-NoteManager.release.xcconfig"; sourceTree = "<group>"; };
		CD2AD22C761A4C15F3DD218B /* Pods-NoteManager.debug.xcconfig */ = {isa = PBXFileReference; includeInIndex = 1; lastKnownFileType = text.xcconfig; name = "Pods-NoteManager.debug.xcconfig"; path = "Target Support Files/Pods-NoteManager/Pods-NoteManager.debug.xcconfig"; sourceTree = "<group>"; };
		EB4E55660A8BA8C8FE48DC49 /* Pods_NoteManager.framework */ = {isa = PBXFileReference; explicitFileType = wrapper.framework; includeInIndex = 0; path = Pods_NoteManager.framework; sourceTree = BUILT_PRODUCTS_DIR; };
/* End PBXFileReference section */

/* Begin PBXFrameworksBuildPhase section */
		1A703C2C243AF0A30023E331 /* Frameworks */ = {
			isa = PBXFrameworksBuildPhase;
			buildActionMask = 2147483647;
			files = (
				4C44DA14804151195839CD9D /* Pods_NoteManager.framework in Frameworks */,
			);
			runOnlyForDeploymentPostprocessing = 0;
		};
/* End PBXFrameworksBuildPhase section */

/* Begin PBXGroup section */
		1A703C26243AF0A30023E331 = {
			isa = PBXGroup;
			children = (
				1A703C31243AF0A30023E331 /* NoteManager */,
				1A703C30243AF0A30023E331 /* Products */,
				501C50806B63213227C81E2A /* Pods */,
				BBCFC1C43563F70AAC901BDB /* Frameworks */,
			);
			sourceTree = "<group>";
		};
		1A703C30243AF0A30023E331 /* Products */ = {
			isa = PBXGroup;
			children = (
				1A703C2F243AF0A30023E331 /* NoteManager.app */,
			);
			name = Products;
			sourceTree = "<group>";
		};
		1A703C31243AF0A30023E331 /* NoteManager */ = {
			isa = PBXGroup;
			children = (
				1A703C46243AF0BB0023E331 /* View Controllers */,
				1A703C32243AF0A30023E331 /* AppDelegate.swift */,
				1A703C34243AF0A30023E331 /* SceneDelegate.swift */,
				1A703C38243AF0A30023E331 /* Main.storyboard */,
				1A703C3B243AF0A40023E331 /* Assets.xcassets */,
				1A703C3D243AF0A40023E331 /* LaunchScreen.storyboard */,
				1A703C40243AF0A40023E331 /* Info.plist */,
			);
			path = NoteManager;
			sourceTree = "<group>";
		};
		1A703C46243AF0BB0023E331 /* View Controllers */ = {
			isa = PBXGroup;
			children = (
				1A703C48243AF1250023E331 /* LogInViewController.swift */,
				1A703C49243AF1250023E331 /* SignUpViewController.swift */,
				1A703C47243AF1250023E331 /* VerifyViewController.swift */,
				1A703C4A243AF1250023E331 /* WelcomeViewController.swift */,
			);
			path = "View Controllers";
			sourceTree = "<group>";
		};
		501C50806B63213227C81E2A /* Pods */ = {
			isa = PBXGroup;
			children = (
				CD2AD22C761A4C15F3DD218B /* Pods-NoteManager.debug.xcconfig */,
				A14E6F4BAE3685B02635E614 /* Pods-NoteManager.release.xcconfig */,
			);
			name = Pods;
			path = Pods;
			sourceTree = "<group>";
		};
		BBCFC1C43563F70AAC901BDB /* Frameworks */ = {
			isa = PBXGroup;
			children = (
				EB4E55660A8BA8C8FE48DC49 /* Pods_NoteManager.framework */,
			);
			name = Frameworks;
			sourceTree = "<group>";
		};
/* End PBXGroup section */

/* Begin PBXNativeTarget section */
		1A703C2E243AF0A30023E331 /* NoteManager */ = {
			isa = PBXNativeTarget;
			buildConfigurationList = 1A703C43243AF0A40023E331 /* Build configuration list for PBXNativeTarget "NoteManager" */;
			buildPhases = (
				E03BF5EB4813A2C6C3DE6E14 /* [CP] Check Pods Manifest.lock */,
				1A703C2B243AF0A30023E331 /* Sources */,
				1A703C2C243AF0A30023E331 /* Frameworks */,
				1A703C2D243AF0A30023E331 /* Resources */,
				3C755B58B99A4E9F85385946 /* [CP] Embed Pods Frameworks */,
			);
			buildRules = (
			);
			dependencies = (
			);
			name = NoteManager;
			productName = NoteManager;
			productReference = 1A703C2F243AF0A30023E331 /* NoteManager.app */;
			productType = "com.apple.product-type.application";
		};
/* End PBXNativeTarget section */

/* Begin PBXProject section */
		1A703C27243AF0A30023E331 /* Project object */ = {
			isa = PBXProject;
			attributes = {
				LastSwiftUpdateCheck = 1140;
				LastUpgradeCheck = 1140;
				ORGANIZATIONNAME = "Sukhman Singh";
				TargetAttributes = {
					1A703C2E243AF0A30023E331 = {
						CreatedOnToolsVersion = 11.4;
					};
				};
			};
			buildConfigurationList = 1A703C2A243AF0A30023E331 /* Build configuration list for PBXProject "NoteManager" */;
			compatibilityVersion = "Xcode 9.3";
			developmentRegion = en;
			hasScannedForEncodings = 0;
			knownRegions = (
				en,
				Base,
			);
			mainGroup = 1A703C26243AF0A30023E331;
			productRefGroup = 1A703C30243AF0A30023E331 /* Products */;
			projectDirPath = "";
			projectRoot = "";
			targets = (
				1A703C2E243AF0A30023E331 /* NoteManager */,
			);
		};
/* End PBXProject section */

/* Begin PBXResourcesBuildPhase section */
		1A703C2D243AF0A30023E331 /* Resources */ = {
			isa = PBXResourcesBuildPhase;
			buildActionMask = 2147483647;
			files = (
				1A703C3F243AF0A40023E331 /* LaunchScreen.storyboard in Resources */,
				1A703C3C243AF0A40023E331 /* Assets.xcassets in Resources */,
				1A703C3A243AF0A30023E331 /* Main.storyboard in Resources */,
			);
			runOnlyForDeploymentPostprocessing = 0;
		};
/* End PBXResourcesBuildPhase section */

/* Begin PBXShellScriptBuildPhase section */
		3C755B58B99A4E9F85385946 /* [CP] Embed Pods Frameworks */ = {
			isa = PBXShellScriptBuildPhase;
			buildActionMask = 2147483647;
			files = (
			);
			inputFileListPaths = (
				"${PODS_ROOT}/Target Support Files/Pods-NoteManager/Pods-NoteManager-frameworks-${CONFIGURATION}-input-files.xcfilelist",
			);
			name = "[CP] Embed Pods Frameworks";
			outputFileListPaths = (
				"${PODS_ROOT}/Target Support Files/Pods-NoteManager/Pods-NoteManager-frameworks-${CONFIGURATION}-output-files.xcfilelist",
			);
			runOnlyForDeploymentPostprocessing = 0;
			shellPath = /bin/sh;
			shellScript = "\"${PODS_ROOT}/Target Support Files/Pods-NoteManager/Pods-NoteManager-frameworks.sh\"\n";
			showEnvVarsInLog = 0;
		};
		E03BF5EB4813A2C6C3DE6E14 /* [CP] Check Pods Manifest.lock */ = {
			isa = PBXShellScriptBuildPhase;
			buildActionMask = 2147483647;
			files = (
			);
			inputFileListPaths = (
			);
			inputPaths = (
				"${PODS_PODFILE_DIR_PATH}/Podfile.lock",
				"${PODS_ROOT}/Manifest.lock",
			);
			name = "[CP] Check Pods Manifest.lock";
			outputFileListPaths = (
			);
			outputPaths = (
				"$(DERIVED_FILE_DIR)/Pods-NoteManager-checkManifestLockResult.txt",
			);
			runOnlyForDeploymentPostprocessing = 0;
			shellPath = /bin/sh;
			shellScript = "diff \"${PODS_PODFILE_DIR_PATH}/Podfile.lock\" \"${PODS_ROOT}/Manifest.lock\" > /dev/null\nif [ $? != 0 ] ; then\n    # print error to STDERR\n    echo \"error: The sandbox is not in sync with the Podfile.lock. Run 'pod install' or update your CocoaPods installation.\" >&2\n    exit 1\nfi\n# This output is used by Xcode 'outputs' to avoid re-running this script phase.\necho \"SUCCESS\" > \"${SCRIPT_OUTPUT_FILE_0}\"\n";
			showEnvVarsInLog = 0;
		};
/* End PBXShellScriptBuildPhase section */

/* Begin PBXSourcesBuildPhase section */
		1A703C2B243AF0A30023E331 /* Sources */ = {
			isa = PBXSourcesBuildPhase;
			buildActionMask = 2147483647;
			files = (
				1A703C4D243AF1250023E331 /* SignUpViewController.swift in Sources */,
				1A703C4B243AF1250023E331 /* VerifyViewController.swift in Sources */,
				1A703C33243AF0A30023E331 /* AppDelegate.swift in Sources */,
				1A703C4C243AF1250023E331 /* LogInViewController.swift in Sources */,
				1A703C35243AF0A30023E331 /* SceneDelegate.swift in Sources */,
				1A703C4E243AF1250023E331 /* WelcomeViewController.swift in Sources */,
			);
			runOnlyForDeploymentPostprocessing = 0;
		};
/* End PBXSourcesBuildPhase section */

/* Begin PBXVariantGroup section */
		1A703C38243AF0A30023E331 /* Main.storyboard */ = {
			isa = PBXVariantGroup;
			children = (
				1A703C39243AF0A30023E331 /* Base */,
			);
			name = Main.storyboard;
			sourceTree = "<group>";
		};
		1A703C3D243AF0A40023E331 /* LaunchScreen.storyboard */ = {
			isa = PBXVariantGroup;
			children = (
				1A703C3E243AF0A40023E331 /* Base */,
			);
			name = LaunchScreen.storyboard;
			sourceTree = "<group>";
		};
/* End PBXVariantGroup section */

/* Begin XCBuildConfiguration section */
		1A703C41243AF0A40023E331 /* Debug */ = {
			isa = XCBuildConfiguration;
			buildSettings = {
				ALWAYS_SEARCH_USER_PATHS = NO;
				CLANG_ANALYZER_NONNULL = YES;
				CLANG_ANALYZER_NUMBER_OBJECT_CONVERSION = YES_AGGRESSIVE;
				CLANG_CXX_LANGUAGE_STANDARD = "gnu++14";
				CLANG_CXX_LIBRARY = "libc++";
				CLANG_ENABLE_MODULES = YES;
				CLANG_ENABLE_OBJC_ARC = YES;
				CLANG_ENABLE_OBJC_WEAK = YES;
				CLANG_WARN_BLOCK_CAPTURE_AUTORELEASING = YES;
				CLANG_WARN_BOOL_CONVERSION = YES;
				CLANG_WARN_COMMA = YES;
				CLANG_WARN_CONSTANT_CONVERSION = YES;
				CLANG_WARN_DEPRECATED_OBJC_IMPLEMENTATIONS = YES;
				CLANG_WARN_DIRECT_OBJC_ISA_USAGE = YES_ERROR;
				CLANG_WARN_DOCUMENTATION_COMMENTS = YES;
				CLANG_WARN_EMPTY_BODY = YES;
				CLANG_WARN_ENUM_CONVERSION = YES;
				CLANG_WARN_INFINITE_RECURSION = YES;
				CLANG_WARN_INT_CONVERSION = YES;
				CLANG_WARN_NON_LITERAL_NULL_CONVERSION = YES;
				CLANG_WARN_OBJC_IMPLICIT_RETAIN_SELF = YES;
				CLANG_WARN_OBJC_LITERAL_CONVERSION = YES;
				CLANG_WARN_OBJC_ROOT_CLASS = YES_ERROR;
				CLANG_WARN_RANGE_LOOP_ANALYSIS = YES;
				CLANG_WARN_STRICT_PROTOTYPES = YES;
				CLANG_WARN_SUSPICIOUS_MOVE = YES;
				CLANG_WARN_UNGUARDED_AVAILABILITY = YES_AGGRESSIVE;
				CLANG_WARN_UNREACHABLE_CODE = YES;
				CLANG_WARN__DUPLICATE_METHOD_MATCH = YES;
				COPY_PHASE_STRIP = NO;
				DEBUG_INFORMATION_FORMAT = dwarf;
				ENABLE_STRICT_OBJC_MSGSEND = YES;
				ENABLE_TESTABILITY = YES;
				GCC_C_LANGUAGE_STANDARD = gnu11;
				GCC_DYNAMIC_NO_PIC = NO;
				GCC_NO_COMMON_BLOCKS = YES;
				GCC_OPTIMIZATION_LEVEL = 0;
				GCC_PREPROCESSOR_DEFINITIONS = (
					"DEBUG=1",
					"$(inherited)",
				);
				GCC_WARN_64_TO_32_BIT_CONVERSION = YES;
				GCC_WARN_ABOUT_RETURN_TYPE = YES_ERROR;
				GCC_WARN_UNDECLARED_SELECTOR = YES;
				GCC_WARN_UNINITIALIZED_AUTOS = YES_AGGRESSIVE;
				GCC_WARN_UNUSED_FUNCTION = YES;
				GCC_WARN_UNUSED_VARIABLE = YES;
				IPHONEOS_DEPLOYMENT_TARGET = 13.4;
				MTL_ENABLE_DEBUG_INFO = INCLUDE_SOURCE;
				MTL_FAST_MATH = YES;
				ONLY_ACTIVE_ARCH = YES;
				SDKROOT = iphoneos;
				SWIFT_ACTIVE_COMPILATION_CONDITIONS = DEBUG;
				SWIFT_OPTIMIZATION_LEVEL = "-Onone";
			};
			name = Debug;
		};
		1A703C42243AF0A40023E331 /* Release */ = {
			isa = XCBuildConfiguration;
			buildSettings = {
				ALWAYS_SEARCH_USER_PATHS = NO;
				CLANG_ANALYZER_NONNULL = YES;
				CLANG_ANALYZER_NUMBER_OBJECT_CONVERSION = YES_AGGRESSIVE;
				CLANG_CXX_LANGUAGE_STANDARD = "gnu++14";
				CLANG_CXX_LIBRARY = "libc++";
				CLANG_ENABLE_MODULES = YES;
				CLANG_ENABLE_OBJC_ARC = YES;
				CLANG_ENABLE_OBJC_WEAK = YES;
				CLANG_WARN_BLOCK_CAPTURE_AUTORELEASING = YES;
				CLANG_WARN_BOOL_CONVERSION = YES;
				CLANG_WARN_COMMA = YES;
				CLANG_WARN_CONSTANT_CONVERSION = YES;
				CLANG_WARN_DEPRECATED_OBJC_IMPLEMENTATIONS = YES;
				CLANG_WARN_DIRECT_OBJC_ISA_USAGE = YES_ERROR;
				CLANG_WARN_DOCUMENTATION_COMMENTS = YES;
				CLANG_WARN_EMPTY_BODY = YES;
				CLANG_WARN_ENUM_CONVERSION = YES;
				CLANG_WARN_INFINITE_RECURSION = YES;
				CLANG_WARN_INT_CONVERSION = YES;
				CLANG_WARN_NON_LITERAL_NULL_CONVERSION = YES;
				CLANG_WARN_OBJC_IMPLICIT_RETAIN_SELF = YES;
				CLANG_WARN_OBJC_LITERAL_CONVERSION = YES;
				CLANG_WARN_OBJC_ROOT_CLASS = YES_ERROR;
				CLANG_WARN_RANGE_LOOP_ANALYSIS = YES;
				CLANG_WARN_STRICT_PROTOTYPES = YES;
				CLANG_WARN_SUSPICIOUS_MOVE = YES;
				CLANG_WARN_UNGUARDED_AVAILABILITY = YES_AGGRESSIVE;
				CLANG_WARN_UNREACHABLE_CODE = YES;
				CLANG_WARN__DUPLICATE_METHOD_MATCH = YES;
				COPY_PHASE_STRIP = NO;
				DEBUG_INFORMATION_FORMAT = "dwarf-with-dsym";
				ENABLE_NS_ASSERTIONS = NO;
				ENABLE_STRICT_OBJC_MSGSEND = YES;
				GCC_C_LANGUAGE_STANDARD = gnu11;
				GCC_NO_COMMON_BLOCKS = YES;
				GCC_WARN_64_TO_32_BIT_CONVERSION = YES;
				GCC_WARN_ABOUT_RETURN_TYPE = YES_ERROR;
				GCC_WARN_UNDECLARED_SELECTOR = YES;
				GCC_WARN_UNINITIALIZED_AUTOS = YES_AGGRESSIVE;
				GCC_WARN_UNUSED_FUNCTION = YES;
				GCC_WARN_UNUSED_VARIABLE = YES;
				IPHONEOS_DEPLOYMENT_TARGET = 13.4;
				MTL_ENABLE_DEBUG_INFO = NO;
				MTL_FAST_MATH = YES;
				SDKROOT = iphoneos;
				SWIFT_COMPILATION_MODE = wholemodule;
				SWIFT_OPTIMIZATION_LEVEL = "-O";
				VALIDATE_PRODUCT = YES;
			};
			name = Release;
		};
		1A703C44243AF0A40023E331 /* Debug */ = {
			isa = XCBuildConfiguration;
			baseConfigurationReference = CD2AD22C761A4C15F3DD218B /* Pods-NoteManager.debug.xcconfig */;
			buildSettings = {
				ASSETCATALOG_COMPILER_APPICON_NAME = AppIcon;
				CODE_SIGN_STYLE = Automatic;
				DEVELOPMENT_TEAM = EPB5476N6P;
				INFOPLIST_FILE = NoteManager/Info.plist;
				LD_RUNPATH_SEARCH_PATHS = (
					"$(inherited)",
					"@executable_path/Frameworks",
				);
				PRODUCT_BUNDLE_IDENTIFIER = com.SukhmanSingh.NoteManager;
				PRODUCT_NAME = "$(TARGET_NAME)";
				SWIFT_VERSION = 5.0;
				TARGETED_DEVICE_FAMILY = "1,2";
			};
			name = Debug;
		};
		1A703C45243AF0A40023E331 /* Release */ = {
			isa = XCBuildConfiguration;
			baseConfigurationReference = A14E6F4BAE3685B02635E614 /* Pods-NoteManager.release.xcconfig */;
			buildSettings = {
				ASSETCATALOG_COMPILER_APPICON_NAME = AppIcon;
				CODE_SIGN_STYLE = Automatic;
				DEVELOPMENT_TEAM = EPB5476N6P;
				INFOPLIST_FILE = NoteManager/Info.plist;
				LD_RUNPATH_SEARCH_PATHS = (
					"$(inherited)",
					"@executable_path/Frameworks",
				);
				PRODUCT_BUNDLE_IDENTIFIER = com.SukhmanSingh.NoteManager;
				PRODUCT_NAME = "$(TARGET_NAME)";
				SWIFT_VERSION = 5.0;
				TARGETED_DEVICE_FAMILY = "1,2";
			};
			name = Release;
		};
/* End XCBuildConfiguration section */

/* Begin XCConfigurationList section */
		1A703C2A243AF0A30023E331 /* Build configuration list for PBXProject "NoteManager" */ = {
			isa = XCConfigurationList;
			buildConfigurations = (
				1A703C41243AF0A40023E331 /* Debug */,
				1A703C42243AF0A40023E331 /* Release */,
			);
			defaultConfigurationIsVisible = 0;
			defaultConfigurationName = Release;
		};
		1A703C43243AF0A40023E331 /* Build configuration list for PBXNativeTarget "NoteManager" */ = {
			isa = XCConfigurationList;
			buildConfigurations = (
				1A703C44243AF0A40023E331 /* Debug */,
				1A703C45243AF0A40023E331 /* Release */,
			);
			defaultConfigurationIsVisible = 0;
			defaultConfigurationName = Release;
		};
/* End XCConfigurationList section */
	};
	rootObject = 1A703C27243AF0A30023E331 /* Project object */;
}
